{
  "name": "innovate22",
  "version": "1.0.0",
  "lockfileVersion": 2,
  "requires": true,
  "packages": {
    "": {
      "name": "innovate22",
      "version": "1.0.0",
      "license": "ISC",
      "workspaces": [
        "connectors\\funkonecthor"
      ]
    },
    "connectors/funkonecthor": {
      "version": "1.0.0",
      "license": "ISC",
      "dependencies": {
        "baguette-connector-sdk": "1.0.2"
      },
      "devDependencies": {
        "@netlify/functions": "^1.0.0"
      }
    },
    "node_modules/@netlify/functions": {
      "version": "1.0.0",
      "resolved": "https://registry.npmjs.org/@netlify/functions/-/functions-1.0.0.tgz",
      "integrity": "sha512-7fnJv3vr8uyyyOYPChwoec6MjzsCw1CoRUO2DhQ1BD6bOyJRlD4DUaOOGlMILB2LCT8P24p5LexEGx8AJb7xdA==",
      "dev": true,
      "dependencies": {
        "is-promise": "^4.0.0"
      },
      "engines": {
        "node": ">=8.3.0"
      }
    },
    "node_modules/baguette-connector-sdk": {
      "version": "1.0.2",
      "resolved": "https://registry.npmjs.org/baguette-connector-sdk/-/baguette-connector-sdk-1.0.2.tgz",
      "integrity": "sha512-HNixmsAYp2UOnBjoSPtNeqY0ApPtp7GJ3DaiViEOaD0KHBN3dI1QZ7jlJ0yudMJ36bJB689EfJjPFcVuESsFhg=="
    },
    "node_modules/funkonecthor": {
      "resolved": "connectors/funkonecthor",
      "link": true
    },
    "node_modules/is-promise": {
      "version": "4.0.0",
      "resolved": "https://registry.npmjs.org/is-promise/-/is-promise-4.0.0.tgz",
      "integrity": "sha512-hvpoI6korhJMnej285dSg6nu1+e6uxs7zG3BYAm5byqDsgJNWwxzM6z6iZiAgQR4TJ30JmBTOwqZUw3WlyH3AQ==",
      "dev": true
    }
  },
  "dependencies": {
    "@netlify/functions": {
      "version": "1.0.0",
      "resolved": "https://registry.npmjs.org/@netlify/functions/-/functions-1.0.0.tgz",
      "integrity": "sha512-7fnJv3vr8uyyyOYPChwoec6MjzsCw1CoRUO2DhQ1BD6bOyJRlD4DUaOOGlMILB2LCT8P24p5LexEGx8AJb7xdA==",
      "dev": true,
      "requires": {
        "is-promise": "^4.0.0"
      }
    },
    "baguette-connector-sdk": {
      "version": "1.0.2",
      "resolved": "https://registry.npmjs.org/baguette-connector-sdk/-/baguette-connector-sdk-1.0.2.tgz",
      "integrity": "sha512-HNixmsAYp2UOnBjoSPtNeqY0ApPtp7GJ3DaiViEOaD0KHBN3dI1QZ7jlJ0yudMJ36bJB689EfJjPFcVuESsFhg=="
    },
    "funkonecthor": {
      "version": "file:connectors/funkonecthor",
      "requires": {
        "@netlify/functions": "^1.0.0",
        "baguette-connector-sdk": "1.0.2"
      }
    },
    "is-promise": {
      "version": "4.0.0",
      "resolved": "https://registry.npmjs.org/is-promise/-/is-promise-4.0.0.tgz",
      "integrity": "sha512-hvpoI6korhJMnej285dSg6nu1+e6uxs7zG3BYAm5byqDsgJNWwxzM6z6iZiAgQR4TJ30JmBTOwqZUw3WlyH3AQ==",
      "dev": true
    }
  }
}
